// !$*UTF8*$!
{
	archiveVersion = 1;
	classes = {
	};
	objectVersion = 50;
	objects = {

/* Begin PBXBuildFile section */
		19F2DCB3229707EB00F34AA3 /* AppDelegate.swift in Sources */ = {isa = PBXBuildFile; fileRef = 19F2DCB2229707EB00F34AA3 /* AppDelegate.swift */; };
		19F2DCB5229707EB00F34AA3 /* TripListViewController.swift in Sources */ = {isa = PBXBuildFile; fileRef = 19F2DCB4229707EB00F34AA3 /* TripListViewController.swift */; };
		19F2DCB8229707EB00F34AA3 /* Main.storyboard in Resources */ = {isa = PBXBuildFile; fileRef = 19F2DCB6229707EB00F34AA3 /* Main.storyboard */; };
		19F2DCBA229707EE00F34AA3 /* Assets.xcassets in Resources */ = {isa = PBXBuildFile; fileRef = 19F2DCB9229707EE00F34AA3 /* Assets.xcassets */; };
		19F2DCBD229707EE00F34AA3 /* LaunchScreen.storyboard in Resources */ = {isa = PBXBuildFile; fileRef = 19F2DCBB229707EE00F34AA3 /* LaunchScreen.storyboard */; };
		19F2DCC8229707EE00F34AA3 /* TripListTests.swift in Sources */ = {isa = PBXBuildFile; fileRef = 19F2DCC7229707EE00F34AA3 /* TripListTests.swift */; };
		19F2DCDC22972C8400F34AA3 /* AddTripViewController.swift in Sources */ = {isa = PBXBuildFile; fileRef = 19F2DCDB22972C8400F34AA3 /* AddTripViewController.swift */; };
		19F2DCE022972CCB00F34AA3 /* AddTripViewModel.swift in Sources */ = {isa = PBXBuildFile; fileRef = 19F2DCDF22972CCB00F34AA3 /* AddTripViewModel.swift */; };
		19F2DCE422972D2F00F34AA3 /* TripListViewModel.swift in Sources */ = {isa = PBXBuildFile; fileRef = 19F2DCE322972D2F00F34AA3 /* TripListViewModel.swift */; };
		19F2DCE82297322700F34AA3 /* FireStoreService.swift in Sources */ = {isa = PBXBuildFile; fileRef = 19F2DCE72297322700F34AA3 /* FireStoreService.swift */; };
		19F2DCEA22973DB100F34AA3 /* Trip.swift in Sources */ = {isa = PBXBuildFile; fileRef = 19F2DCE922973DB100F34AA3 /* Trip.swift */; };
		19F2DCF022997C9D00F34AA3 /* GoogleService-Info.plist in Resources */ = {isa = PBXBuildFile; fileRef = 19F2DCEF22997C9D00F34AA3 /* GoogleService-Info.plist */; };
		5E7A21E9DFA097898A926385 /* Pods_TripListTests.framework in Frameworks */ = {isa = PBXBuildFile; fileRef = BE0D18E1A062254A8AD2950E /* Pods_TripListTests.framework */; };
		5EC4652D0ADCBD4919C9D8C1 /* Pods_TripList.framework in Frameworks */ = {isa = PBXBuildFile; fileRef = 552ED3BB7D14F9C66EF5BC93 /* Pods_TripList.framework */; };
/* End PBXBuildFile section */

/* Begin PBXContainerItemProxy section */
		19F2DCC4229707EE00F34AA3 /* PBXContainerItemProxy */ = {
			isa = PBXContainerItemProxy;
			containerPortal = 19F2DCA7229707EB00F34AA3 /* Project object */;
			proxyType = 1;
			remoteGlobalIDString = 19F2DCAE229707EB00F34AA3;
			remoteInfo = TripList;
		};
/* End PBXContainerItemProxy section */

/* Begin PBXFileReference section */
		19F2DCAF229707EB00F34AA3 /* TripList.app */ = {isa = PBXFileReference; explicitFileType = wrapper.application; includeInIndex = 0; path = TripList.app; sourceTree = BUILT_PRODUCTS_DIR; };
		19F2DCB2229707EB00F34AA3 /* AppDelegate.swift */ = {isa = PBXFileReference; lastKnownFileType = sourcecode.swift; path = AppDelegate.swift; sourceTree = "<group>"; };
		19F2DCB4229707EB00F34AA3 /* TripListViewController.swift */ = {isa = PBXFileReference; lastKnownFileType = sourcecode.swift; path = TripListViewController.swift; sourceTree = "<group>"; };
		19F2DCB7229707EB00F34AA3 /* Base */ = {isa = PBXFileReference; lastKnownFileType = file.storyboard; name = Base; path = Base.lproj/Main.storyboard; sourceTree = "<group>"; };
		19F2DCB9229707EE00F34AA3 /* Assets.xcassets */ = {isa = PBXFileReference; lastKnownFileType = folder.assetcatalog; path = Assets.xcassets; sourceTree = "<group>"; };
		19F2DCBC229707EE00F34AA3 /* Base */ = {isa = PBXFileReference; lastKnownFileType = file.storyboard; name = Base; path = Base.lproj/LaunchScreen.storyboard; sourceTree = "<group>"; };
		19F2DCBE229707EE00F34AA3 /* Info.plist */ = {isa = PBXFileReference; lastKnownFileType = text.plist.xml; path = Info.plist; sourceTree = "<group>"; };
		19F2DCC3229707EE00F34AA3 /* TripListTests.xctest */ = {isa = PBXFileReference; explicitFileType = wrapper.cfbundle; includeInIndex = 0; path = TripListTests.xctest; sourceTree = BUILT_PRODUCTS_DIR; };
		19F2DCC7229707EE00F34AA3 /* TripListTests.swift */ = {isa = PBXFileReference; lastKnownFileType = sourcecode.swift; path = TripListTests.swift; sourceTree = "<group>"; };
		19F2DCC9229707EE00F34AA3 /* Info.plist */ = {isa = PBXFileReference; lastKnownFileType = text.plist.xml; path = Info.plist; sourceTree = "<group>"; };
		19F2DCDB22972C8400F34AA3 /* AddTripViewController.swift */ = {isa = PBXFileReference; fileEncoding = 4; lastKnownFileType = sourcecode.swift; path = AddTripViewController.swift; sourceTree = "<group>"; };
		19F2DCDF22972CCB00F34AA3 /* AddTripViewModel.swift */ = {isa = PBXFileReference; lastKnownFileType = sourcecode.swift; path = AddTripViewModel.swift; sourceTree = "<group>"; };
		19F2DCE322972D2F00F34AA3 /* TripListViewModel.swift */ = {isa = PBXFileReference; lastKnownFileType = sourcecode.swift; path = TripListViewModel.swift; sourceTree = "<group>"; };
		19F2DCE72297322700F34AA3 /* FireStoreService.swift */ = {isa = PBXFileReference; lastKnownFileType = sourcecode.swift; path = FireStoreService.swift; sourceTree = "<group>"; };
		19F2DCE922973DB100F34AA3 /* Trip.swift */ = {isa = PBXFileReference; lastKnownFileType = sourcecode.swift; path = Trip.swift; sourceTree = "<group>"; };
		19F2DCEF22997C9D00F34AA3 /* GoogleService-Info.plist */ = {isa = PBXFileReference; fileEncoding = 4; lastKnownFileType = text.plist.xml; path = "GoogleService-Info.plist"; sourceTree = "<group>"; };
		2111AF00985D1F12F43CA937 /* Pods-TripListTests.release.xcconfig */ = {isa = PBXFileReference; includeInIndex = 1; lastKnownFileType = text.xcconfig; name = "Pods-TripListTests.release.xcconfig"; path = "Target Support Files/Pods-TripListTests/Pods-TripListTests.release.xcconfig"; sourceTree = "<group>"; };
		552ED3BB7D14F9C66EF5BC93 /* Pods_TripList.framework */ = {isa = PBXFileReference; explicitFileType = wrapper.framework; includeInIndex = 0; path = Pods_TripList.framework; sourceTree = BUILT_PRODUCTS_DIR; };
		67F749D5CB2149BDBAF7D029 /* Pods-TripList.debug.xcconfig */ = {isa = PBXFileReference; includeInIndex = 1; lastKnownFileType = text.xcconfig; name = "Pods-TripList.debug.xcconfig"; path = "Target Support Files/Pods-TripList/Pods-TripList.debug.xcconfig"; sourceTree = "<group>"; };
		A3F7F2B2961EAEDB09FAD86D /* Pods-TripListTests.debug.xcconfig */ = {isa = PBXFileReference; includeInIndex = 1; lastKnownFileType = text.xcconfig; name = "Pods-TripListTests.debug.xcconfig"; path = "Target Support Files/Pods-TripListTests/Pods-TripListTests.debug.xcconfig"; sourceTree = "<group>"; };
		BE0D18E1A062254A8AD2950E /* Pods_TripListTests.framework */ = {isa = PBXFileReference; explicitFileType = wrapper.framework; includeInIndex = 0; path = Pods_TripListTests.framework; sourceTree = BUILT_PRODUCTS_DIR; };
		BF69EB243DD40DA7D3645A67 /* Pods-TripList.release.xcconfig */ = {isa = PBXFileReference; includeInIndex = 1; lastKnownFileType = text.xcconfig; name = "Pods-TripList.release.xcconfig"; path = "Target Support Files/Pods-TripList/Pods-TripList.release.xcconfig"; sourceTree = "<group>"; };
/* End PBXFileReference section */

/* Begin PBXFrameworksBuildPhase section */
		19F2DCAC229707EB00F34AA3 /* Frameworks */ = {
			isa = PBXFrameworksBuildPhase;
			buildActionMask = 2147483647;
			files = (
				5EC4652D0ADCBD4919C9D8C1 /* Pods_TripList.framework in Frameworks */,
			);
			runOnlyForDeploymentPostprocessing = 0;
		};
		19F2DCC0229707EE00F34AA3 /* Frameworks */ = {
			isa = PBXFrameworksBuildPhase;
			buildActionMask = 2147483647;
			files = (
				5E7A21E9DFA097898A926385 /* Pods_TripListTests.framework in Frameworks */,
			);
			runOnlyForDeploymentPostprocessing = 0;
		};
/* End PBXFrameworksBuildPhase section */

/* Begin PBXGroup section */
		19F2DCA6229707EB00F34AA3 = {
			isa = PBXGroup;
			children = (
				19F2DCB1229707EB00F34AA3 /* TripList */,
				19F2DCC6229707EE00F34AA3 /* TripListTests */,
				19F2DCB0229707EB00F34AA3 /* Products */,
				F1C57C06BD9D16EF65DFBACC /* Pods */,
				2D03076D3E58C422B0DC4633 /* Frameworks */,
			);
			sourceTree = "<group>";
		};
		19F2DCB0229707EB00F34AA3 /* Products */ = {
			isa = PBXGroup;
			children = (
				19F2DCAF229707EB00F34AA3 /* TripList.app */,
				19F2DCC3229707EE00F34AA3 /* TripListTests.xctest */,
			);
			name = Products;
			sourceTree = "<group>";
		};
		19F2DCB1229707EB00F34AA3 /* TripList */ = {
			isa = PBXGroup;
			children = (
				19F2DCE62297321400F34AA3 /* Model */,
				19F2DCDA22972C6F00F34AA3 /* Modules */,
				19F2DCB2229707EB00F34AA3 /* AppDelegate.swift */,
				19F2DCB6229707EB00F34AA3 /* Main.storyboard */,
				19F2DCB9229707EE00F34AA3 /* Assets.xcassets */,
				19F2DCBB229707EE00F34AA3 /* LaunchScreen.storyboard */,
				19F2DCBE229707EE00F34AA3 /* Info.plist */,
				19F2DCEF22997C9D00F34AA3 /* GoogleService-Info.plist */,
			);
			path = TripList;
			sourceTree = "<group>";
		};
		19F2DCC6229707EE00F34AA3 /* TripListTests */ = {
			isa = PBXGroup;
			children = (
				19F2DCC7229707EE00F34AA3 /* TripListTests.swift */,
				19F2DCC9229707EE00F34AA3 /* Info.plist */,
			);
			path = TripListTests;
			sourceTree = "<group>";
		};
		19F2DCDA22972C6F00F34AA3 /* Modules */ = {
			isa = PBXGroup;
			children = (
				19F2DCDE22972CAA00F34AA3 /* AddTrip */,
				19F2DCDD22972C8F00F34AA3 /* TripList */,
			);
			path = Modules;
			sourceTree = "<group>";
		};
		19F2DCDD22972C8F00F34AA3 /* TripList */ = {
			isa = PBXGroup;
			children = (
				19F2DCB4229707EB00F34AA3 /* TripListViewController.swift */,
				19F2DCE322972D2F00F34AA3 /* TripListViewModel.swift */,
			);
			path = TripList;
			sourceTree = "<group>";
		};
		19F2DCDE22972CAA00F34AA3 /* AddTrip */ = {
			isa = PBXGroup;
			children = (
				19F2DCDB22972C8400F34AA3 /* AddTripViewController.swift */,
				19F2DCDF22972CCB00F34AA3 /* AddTripViewModel.swift */,
			);
			path = AddTrip;
			sourceTree = "<group>";
		};
		19F2DCE62297321400F34AA3 /* Model */ = {
			isa = PBXGroup;
			children = (
				19F2DCE72297322700F34AA3 /* FireStoreService.swift */,
				19F2DCE922973DB100F34AA3 /* Trip.swift */,
			);
			path = Model;
			sourceTree = "<group>";
		};
		2D03076D3E58C422B0DC4633 /* Frameworks */ = {
			isa = PBXGroup;
			children = (
				552ED3BB7D14F9C66EF5BC93 /* Pods_TripList.framework */,
				BE0D18E1A062254A8AD2950E /* Pods_TripListTests.framework */,
			);
			name = Frameworks;
			sourceTree = "<group>";
		};
		F1C57C06BD9D16EF65DFBACC /* Pods */ = {
			isa = PBXGroup;
			children = (
				67F749D5CB2149BDBAF7D029 /* Pods-TripList.debug.xcconfig */,
				BF69EB243DD40DA7D3645A67 /* Pods-TripList.release.xcconfig */,
				A3F7F2B2961EAEDB09FAD86D /* Pods-TripListTests.debug.xcconfig */,
				2111AF00985D1F12F43CA937 /* Pods-TripListTests.release.xcconfig */,
			);
			path = Pods;
			sourceTree = "<group>";
		};
/* End PBXGroup section */

/* Begin PBXNativeTarget section */
		19F2DCAE229707EB00F34AA3 /* TripList */ = {
			isa = PBXNativeTarget;
			buildConfigurationList = 19F2DCCC229707EE00F34AA3 /* Build configuration list for PBXNativeTarget "TripList" */;
			buildPhases = (
				7D0A017F7CB04B29FEA0C4B1 /* [CP] Check Pods Manifest.lock */,
				19F2DCAB229707EB00F34AA3 /* Sources */,
				19F2DCAC229707EB00F34AA3 /* Frameworks */,
				19F2DCAD229707EB00F34AA3 /* Resources */,
				D8181885014DE2657AB32109 /* [CP] Embed Pods Frameworks */,
			);
			buildRules = (
			);
			dependencies = (
			);
			name = TripList;
			productName = TripList;
			productReference = 19F2DCAF229707EB00F34AA3 /* TripList.app */;
			productType = "com.apple.product-type.application";
		};
		19F2DCC2229707EE00F34AA3 /* TripListTests */ = {
			isa = PBXNativeTarget;
			buildConfigurationList = 19F2DCCF229707EE00F34AA3 /* Build configuration list for PBXNativeTarget "TripListTests" */;
			buildPhases = (
				6B642EB6A15E5005A65BD7C2 /* [CP] Check Pods Manifest.lock */,
				19F2DCBF229707EE00F34AA3 /* Sources */,
				19F2DCC0229707EE00F34AA3 /* Frameworks */,
				19F2DCC1229707EE00F34AA3 /* Resources */,
			);
			buildRules = (
			);
			dependencies = (
				19F2DCC5229707EE00F34AA3 /* PBXTargetDependency */,
			);
			name = TripListTests;
			productName = TripListTests;
			productReference = 19F2DCC3229707EE00F34AA3 /* TripListTests.xctest */;
			productType = "com.apple.product-type.bundle.unit-test";
		};
/* End PBXNativeTarget section */

/* Begin PBXProject section */
		19F2DCA7229707EB00F34AA3 /* Project object */ = {
			isa = PBXProject;
			attributes = {
				LastSwiftUpdateCheck = 1020;
				LastUpgradeCheck = 1020;
				ORGANIZATIONNAME = "Roman Shveda";
				TargetAttributes = {
					19F2DCAE229707EB00F34AA3 = {
						CreatedOnToolsVersion = 10.2.1;
					};
					19F2DCC2229707EE00F34AA3 = {
						CreatedOnToolsVersion = 10.2.1;
						TestTargetID = 19F2DCAE229707EB00F34AA3;
					};
				};
			};
			buildConfigurationList = 19F2DCAA229707EB00F34AA3 /* Build configuration list for PBXProject "TripList" */;
			compatibilityVersion = "Xcode 9.3";
			developmentRegion = en;
			hasScannedForEncodings = 0;
			knownRegions = (
				en,
				Base,
			);
			mainGroup = 19F2DCA6229707EB00F34AA3;
			productRefGroup = 19F2DCB0229707EB00F34AA3 /* Products */;
			projectDirPath = "";
			projectRoot = "";
			targets = (
				19F2DCAE229707EB00F34AA3 /* TripList */,
				19F2DCC2229707EE00F34AA3 /* TripListTests */,
			);
		};
/* End PBXProject section */

/* Begin PBXResourcesBuildPhase section */
		19F2DCAD229707EB00F34AA3 /* Resources */ = {
			isa = PBXResourcesBuildPhase;
			buildActionMask = 2147483647;
			files = (
				19F2DCBD229707EE00F34AA3 /* LaunchScreen.storyboard in Resources */,
				19F2DCF022997C9D00F34AA3 /* GoogleService-Info.plist in Resources */,
				19F2DCBA229707EE00F34AA3 /* Assets.xcassets in Resources */,
				19F2DCB8229707EB00F34AA3 /* Main.storyboard in Resources */,
			);
			runOnlyForDeploymentPostprocessing = 0;
		};
		19F2DCC1229707EE00F34AA3 /* Resources */ = {
			isa = PBXResourcesBuildPhase;
			buildActionMask = 2147483647;
			files = (
			);
			runOnlyForDeploymentPostprocessing = 0;
		};
/* End PBXResourcesBuildPhase section */

/* Begin PBXShellScriptBuildPhase section */
		6B642EB6A15E5005A65BD7C2 /* [CP] Check Pods Manifest.lock */ = {
			isa = PBXShellScriptBuildPhase;
			buildActionMask = 2147483647;
			files = (
			);
			inputFileListPaths = (
			);
			inputPaths = (
				"${PODS_PODFILE_DIR_PATH}/Podfile.lock",
				"${PODS_ROOT}/Manifest.lock",
			);
			name = "[CP] Check Pods Manifest.lock";
			outputFileListPaths = (
			);
			outputPaths = (
				"$(DERIVED_FILE_DIR)/Pods-TripListTests-checkManifestLockResult.txt",
			);
			runOnlyForDeploymentPostprocessing = 0;
			shellPath = /bin/sh;
			shellScript = "diff \"${PODS_PODFILE_DIR_PATH}/Podfile.lock\" \"${PODS_ROOT}/Manifest.lock\" > /dev/null\nif [ $? != 0 ] ; then\n    # print error to STDERR\n    echo \"error: The sandbox is not in sync with the Podfile.lock. Run 'pod install' or update your CocoaPods installation.\" >&2\n    exit 1\nfi\n# This output is used by Xcode 'outputs' to avoid re-running this script phase.\necho \"SUCCESS\" > \"${SCRIPT_OUTPUT_FILE_0}\"\n";
			showEnvVarsInLog = 0;
		};
		7D0A017F7CB04B29FEA0C4B1 /* [CP] Check Pods Manifest.lock */ = {
			isa = PBXShellScriptBuildPhase;
			buildActionMask = 2147483647;
			files = (
			);
			inputFileListPaths = (
			);
			inputPaths = (
				"${PODS_PODFILE_DIR_PATH}/Podfile.lock",
				"${PODS_ROOT}/Manifest.lock",
			);
			name = "[CP] Check Pods Manifest.lock";
			outputFileListPaths = (
			);
			outputPaths = (
				"$(DERIVED_FILE_DIR)/Pods-TripList-checkManifestLockResult.txt",
			);
			runOnlyForDeploymentPostprocessing = 0;
			shellPath = /bin/sh;
			shellScript = "diff \"${PODS_PODFILE_DIR_PATH}/Podfile.lock\" \"${PODS_ROOT}/Manifest.lock\" > /dev/null\nif [ $? != 0 ] ; then\n    # print error to STDERR\n    echo \"error: The sandbox is not in sync with the Podfile.lock. Run 'pod install' or update your CocoaPods installation.\" >&2\n    exit 1\nfi\n# This output is used by Xcode 'outputs' to avoid re-running this script phase.\necho \"SUCCESS\" > \"${SCRIPT_OUTPUT_FILE_0}\"\n";
			showEnvVarsInLog = 0;
		};
		D8181885014DE2657AB32109 /* [CP] Embed Pods Frameworks */ = {
			isa = PBXShellScriptBuildPhase;
			buildActionMask = 2147483647;
			files = (
			);
			inputFileListPaths = (
			);
			inputPaths = (
				"${PODS_ROOT}/Target Support Files/Pods-TripList/Pods-TripList-frameworks.sh",
				"${BUILT_PRODUCTS_DIR}/BoringSSL-GRPC/openssl_grpc.framework",
				"${BUILT_PRODUCTS_DIR}/Differentiator/Differentiator.framework",
				"${BUILT_PRODUCTS_DIR}/GoogleUtilities/GoogleUtilities.framework",
				"${BUILT_PRODUCTS_DIR}/Protobuf/Protobuf.framework",
				"${BUILT_PRODUCTS_DIR}/RxCocoa/RxCocoa.framework",
				"${BUILT_PRODUCTS_DIR}/RxDataSources/RxDataSources.framework",
				"${BUILT_PRODUCTS_DIR}/RxRelay/RxRelay.framework",
				"${BUILT_PRODUCTS_DIR}/RxSwift/RxSwift.framework",
				"${BUILT_PRODUCTS_DIR}/gRPC-C++/grpcpp.framework",
				"${BUILT_PRODUCTS_DIR}/gRPC-Core/grpc.framework",
				"${BUILT_PRODUCTS_DIR}/leveldb-library/leveldb.framework",
				"${BUILT_PRODUCTS_DIR}/nanopb/nanopb.framework",
			);
			name = "[CP] Embed Pods Frameworks";
			outputFileListPaths = (
			);
			outputPaths = (
				"${TARGET_BUILD_DIR}/${FRAMEWORKS_FOLDER_PATH}/openssl_grpc.framework",
				"${TARGET_BUILD_DIR}/${FRAMEWORKS_FOLDER_PATH}/Differentiator.framework",
				"${TARGET_BUILD_DIR}/${FRAMEWORKS_FOLDER_PATH}/GoogleUtilities.framework",
				"${TARGET_BUILD_DIR}/${FRAMEWORKS_FOLDER_PATH}/Protobuf.framework",
				"${TARGET_BUILD_DIR}/${FRAMEWORKS_FOLDER_PATH}/RxCocoa.framework",
				"${TARGET_BUILD_DIR}/${FRAMEWORKS_FOLDER_PATH}/RxDataSources.framework",
				"${TARGET_BUILD_DIR}/${FRAMEWORKS_FOLDER_PATH}/RxRelay.framework",
				"${TARGET_BUILD_DIR}/${FRAMEWORKS_FOLDER_PATH}/RxSwift.framework",
				"${TARGET_BUILD_DIR}/${FRAMEWORKS_FOLDER_PATH}/grpcpp.framework",
				"${TARGET_BUILD_DIR}/${FRAMEWORKS_FOLDER_PATH}/grpc.framework",
				"${TARGET_BUILD_DIR}/${FRAMEWORKS_FOLDER_PATH}/leveldb.framework",
				"${TARGET_BUILD_DIR}/${FRAMEWORKS_FOLDER_PATH}/nanopb.framework",
			);
			runOnlyForDeploymentPostprocessing = 0;
			shellPath = /bin/sh;
			shellScript = "\"${PODS_ROOT}/Target Support Files/Pods-TripList/Pods-TripList-frameworks.sh\"\n";
			showEnvVarsInLog = 0;
		};
/* End PBXShellScriptBuildPhase section */

/* Begin PBXSourcesBuildPhase section */
		19F2DCAB229707EB00F34AA3 /* Sources */ = {
			isa = PBXSourcesBuildPhase;
			buildActionMask = 2147483647;
			files = (
				19F2DCE422972D2F00F34AA3 /* TripListViewModel.swift in Sources */,
				19F2DCB5229707EB00F34AA3 /* TripListViewController.swift in Sources */,
				19F2DCE022972CCB00F34AA3 /* AddTripViewModel.swift in Sources */,
				19F2DCE82297322700F34AA3 /* FireStoreService.swift in Sources */,
				19F2DCDC22972C8400F34AA3 /* AddTripViewController.swift in Sources */,
				19F2DCEA22973DB100F34AA3 /* Trip.swift in Sources */,
				19F2DCB3229707EB00F34AA3 /* AppDelegate.swift in Sources */,
			);
			runOnlyForDeploymentPostprocessing = 0;
		};
		19F2DCBF229707EE00F34AA3 /* Sources */ = {
			isa = PBXSourcesBuildPhase;
			buildActionMask = 2147483647;
			files = (
				19F2DCC8229707EE00F34AA3 /* TripListTests.swift in Sources */,
			);
			runOnlyForDeploymentPostprocessing = 0;
		};
/* End PBXSourcesBuildPhase section */

/* Begin PBXTargetDependency section */
		19F2DCC5229707EE00F34AA3 /* PBXTargetDependency */ = {
			isa = PBXTargetDependency;
			target = 19F2DCAE229707EB00F34AA3 /* TripList */;
			targetProxy = 19F2DCC4229707EE00F34AA3 /* PBXContainerItemProxy */;
		};
/* End PBXTargetDependency section */

/* Begin PBXVariantGroup section */
		19F2DCB6229707EB00F34AA3 /* Main.storyboard */ = {
			isa = PBXVariantGroup;
			children = (
				19F2DCB7229707EB00F34AA3 /* Base */,
			);
			name = Main.storyboard;
			sourceTree = "<group>";
		};
		19F2DCBB229707EE00F34AA3 /* LaunchScreen.storyboard */ = {
			isa = PBXVariantGroup;
			children = (
				19F2DCBC229707EE00F34AA3 /* Base */,
			);
			name = LaunchScreen.storyboard;
			sourceTree = "<group>";
		};
/* End PBXVariantGroup section */

/* Begin XCBuildConfiguration section */
		19F2DCCA229707EE00F34AA3 /* Debug */ = {
			isa = XCBuildConfiguration;
			buildSettings = {
				ALWAYS_SEARCH_USER_PATHS = NO;
				CLANG_ANALYZER_NONNULL = YES;
				CLANG_ANALYZER_NUMBER_OBJECT_CONVERSION = YES_AGGRESSIVE;
				CLANG_CXX_LANGUAGE_STANDARD = "gnu++14";
				CLANG_CXX_LIBRARY = "libc++";
				CLANG_ENABLE_MODULES = YES;
				CLANG_ENABLE_OBJC_ARC = YES;
				CLANG_ENABLE_OBJC_WEAK = YES;
				CLANG_WARN_BLOCK_CAPTURE_AUTORELEASING = YES;
				CLANG_WARN_BOOL_CONVERSION = YES;
				CLANG_WARN_COMMA = YES;
				CLANG_WARN_CONSTANT_CONVERSION = YES;
				CLANG_WARN_DEPRECATED_OBJC_IMPLEMENTATIONS = YES;
				CLANG_WARN_DIRECT_OBJC_ISA_USAGE = YES_ERROR;
				CLANG_WARN_DOCUMENTATION_COMMENTS = YES;
				CLANG_WARN_EMPTY_BODY = YES;
				CLANG_WARN_ENUM_CONVERSION = YES;
				CLANG_WARN_INFINITE_RECURSION = YES;
				CLANG_WARN_INT_CONVERSION = YES;
				CLANG_WARN_NON_LITERAL_NULL_CONVERSION = YES;
				CLANG_WARN_OBJC_IMPLICIT_RETAIN_SELF = YES;
				CLANG_WARN_OBJC_LITERAL_CONVERSION = YES;
				CLANG_WARN_OBJC_ROOT_CLASS = YES_ERROR;
				CLANG_WARN_RANGE_LOOP_ANALYSIS = YES;
				CLANG_WARN_STRICT_PROTOTYPES = YES;
				CLANG_WARN_SUSPICIOUS_MOVE = YES;
				CLANG_WARN_UNGUARDED_AVAILABILITY = YES_AGGRESSIVE;
				CLANG_WARN_UNREACHABLE_CODE = YES;
				CLANG_WARN__DUPLICATE_METHOD_MATCH = YES;
				CODE_SIGN_IDENTITY = "iPhone Developer";
				COPY_PHASE_STRIP = NO;
				DEBUG_INFORMATION_FORMAT = dwarf;
				ENABLE_STRICT_OBJC_MSGSEND = YES;
				ENABLE_TESTABILITY = YES;
				GCC_C_LANGUAGE_STANDARD = gnu11;
				GCC_DYNAMIC_NO_PIC = NO;
				GCC_NO_COMMON_BLOCKS = YES;
				GCC_OPTIMIZATION_LEVEL = 0;
				GCC_PREPROCESSOR_DEFINITIONS = (
					"DEBUG=1",
					"$(inherited)",
				);
				GCC_WARN_64_TO_32_BIT_CONVERSION = YES;
				GCC_WARN_ABOUT_RETURN_TYPE = YES_ERROR;
				GCC_WARN_UNDECLARED_SELECTOR = YES;
				GCC_WARN_UNINITIALIZED_AUTOS = YES_AGGRESSIVE;
				GCC_WARN_UNUSED_FUNCTION = YES;
				GCC_WARN_UNUSED_VARIABLE = YES;
				IPHONEOS_DEPLOYMENT_TARGET = 12.2;
				MTL_ENABLE_DEBUG_INFO = INCLUDE_SOURCE;
				MTL_FAST_MATH = YES;
				ONLY_ACTIVE_ARCH = YES;
				SDKROOT = iphoneos;
				SWIFT_ACTIVE_COMPILATION_CONDITIONS = DEBUG;
				SWIFT_OPTIMIZATION_LEVEL = "-Onone";
			};
			name = Debug;
		};
		19F2DCCB229707EE00F34AA3 /* Release */ = {
			isa = XCBuildConfiguration;
			buildSettings = {
				ALWAYS_SEARCH_USER_PATHS = NO;
				CLANG_ANALYZER_NONNULL = YES;
				CLANG_ANALYZER_NUMBER_OBJECT_CONVERSION = YES_AGGRESSIVE;
				CLANG_CXX_LANGUAGE_STANDARD = "gnu++14";
				CLANG_CXX_LIBRARY = "libc++";
				CLANG_ENABLE_MODULES = YES;
				CLANG_ENABLE_OBJC_ARC = YES;
				CLANG_ENABLE_OBJC_WEAK = YES;
				CLANG_WARN_BLOCK_CAPTURE_AUTORELEASING = YES;
				CLANG_WARN_BOOL_CONVERSION = YES;
				CLANG_WARN_COMMA = YES;
				CLANG_WARN_CONSTANT_CONVERSION = YES;
				CLANG_WARN_DEPRECATED_OBJC_IMPLEMENTATIONS = YES;
				CLANG_WARN_DIRECT_OBJC_ISA_USAGE = YES_ERROR;
				CLANG_WARN_DOCUMENTATION_COMMENTS = YES;
				CLANG_WARN_EMPTY_BODY = YES;
				CLANG_WARN_ENUM_CONVERSION = YES;
				CLANG_WARN_INFINITE_RECURSION = YES;
				CLANG_WARN_INT_CONVERSION = YES;
				CLANG_WARN_NON_LITERAL_NULL_CONVERSION = YES;
				CLANG_WARN_OBJC_IMPLICIT_RETAIN_SELF = YES;
				CLANG_WARN_OBJC_LITERAL_CONVERSION = YES;
				CLANG_WARN_OBJC_ROOT_CLASS = YES_ERROR;
				CLANG_WARN_RANGE_LOOP_ANALYSIS = YES;
				CLANG_WARN_STRICT_PROTOTYPES = YES;
				CLANG_WARN_SUSPICIOUS_MOVE = YES;
				CLANG_WARN_UNGUARDED_AVAILABILITY = YES_AGGRESSIVE;
				CLANG_WARN_UNREACHABLE_CODE = YES;
				CLANG_WARN__DUPLICATE_METHOD_MATCH = YES;
				CODE_SIGN_IDENTITY = "iPhone Developer";
				COPY_PHASE_STRIP = NO;
				DEBUG_INFORMATION_FORMAT = "dwarf-with-dsym";
				ENABLE_NS_ASSERTIONS = NO;
				ENABLE_STRICT_OBJC_MSGSEND = YES;
				GCC_C_LANGUAGE_STANDARD = gnu11;
				GCC_NO_COMMON_BLOCKS = YES;
				GCC_WARN_64_TO_32_BIT_CONVERSION = YES;
				GCC_WARN_ABOUT_RETURN_TYPE = YES_ERROR;
				GCC_WARN_UNDECLARED_SELECTOR = YES;
				GCC_WARN_UNINITIALIZED_AUTOS = YES_AGGRESSIVE;
				GCC_WARN_UNUSED_FUNCTION = YES;
				GCC_WARN_UNUSED_VARIABLE = YES;
				IPHONEOS_DEPLOYMENT_TARGET = 12.2;
				MTL_ENABLE_DEBUG_INFO = NO;
				MTL_FAST_MATH = YES;
				SDKROOT = iphoneos;
				SWIFT_COMPILATION_MODE = wholemodule;
				SWIFT_OPTIMIZATION_LEVEL = "-O";
				VALIDATE_PRODUCT = YES;
			};
			name = Release;
		};
		19F2DCCD229707EE00F34AA3 /* Debug */ = {
			isa = XCBuildConfiguration;
			baseConfigurationReference = 67F749D5CB2149BDBAF7D029 /* Pods-TripList.debug.xcconfig */;
			buildSettings = {
				ASSETCATALOG_COMPILER_APPICON_NAME = AppIcon;
				CODE_SIGN_STYLE = Automatic;
				DEVELOPMENT_TEAM = F95D26K5WQ;
				INFOPLIST_FILE = TripList/Info.plist;
				LD_RUNPATH_SEARCH_PATHS = (
					"$(inherited)",
					"@executable_path/Frameworks",
				);
				PRODUCT_BUNDLE_IDENTIFIER = myOrg.TripList;
				PRODUCT_NAME = "$(TARGET_NAME)";
				SWIFT_VERSION = 5.0;
				TARGETED_DEVICE_FAMILY = "1,2";
			};
			name = Debug;
		};
		19F2DCCE229707EE00F34AA3 /* Release */ = {
			isa = XCBuildConfiguration;
			baseConfigurationReference = BF69EB243DD40DA7D3645A67 /* Pods-TripList.release.xcconfig */;
			buildSettings = {
				ASSETCATALOG_COMPILER_APPICON_NAME = AppIcon;
				CODE_SIGN_STYLE = Automatic;
				DEVELOPMENT_TEAM = F95D26K5WQ;
				INFOPLIST_FILE = TripList/Info.plist;
				LD_RUNPATH_SEARCH_PATHS = (
					"$(inherited)",
					"@executable_path/Frameworks",
				);
				PRODUCT_BUNDLE_IDENTIFIER = myOrg.TripList;
				PRODUCT_NAME = "$(TARGET_NAME)";
				SWIFT_VERSION = 5.0;
				TARGETED_DEVICE_FAMILY = "1,2";
			};
			name = Release;
		};
		19F2DCD0229707EE00F34AA3 /* Debug */ = {
			isa = XCBuildConfiguration;
			baseConfigurationReference = A3F7F2B2961EAEDB09FAD86D /* Pods-TripListTests.debug.xcconfig */;
			buildSettings = {
				ALWAYS_EMBED_SWIFT_STANDARD_LIBRARIES = YES;
				BUNDLE_LOADER = "$(TEST_HOST)";
				CODE_SIGN_STYLE = Automatic;
				DEVELOPMENT_TEAM = F95D26K5WQ;
				INFOPLIST_FILE = TripListTests/Info.plist;
				LD_RUNPATH_SEARCH_PATHS = (
					"$(inherited)",
					"@executable_path/Frameworks",
					"@loader_path/Frameworks",
				);
				PRODUCT_BUNDLE_IDENTIFIER = myOrg.TripListTests;
				PRODUCT_NAME = "$(TARGET_NAME)";
				SWIFT_VERSION = 5.0;
				TARGETED_DEVICE_FAMILY = "1,2";
				TEST_HOST = "$(BUILT_PRODUCTS_DIR)/TripList.app/TripList";
			};
			name = Debug;
		};
		19F2DCD1229707EE00F34AA3 /* Release */ = {
			isa = XCBuildConfiguration;
			baseConfigurationReference = 2111AF00985D1F12F43CA937 /* Pods-TripListTests.release.xcconfig */;
			buildSettings = {
				ALWAYS_EMBED_SWIFT_STANDARD_LIBRARIES = YES;
				BUNDLE_LOADER = "$(TEST_HOST)";
				CODE_SIGN_STYLE = Automatic;
				DEVELOPMENT_TEAM = F95D26K5WQ;
				INFOPLIST_FILE = TripListTests/Info.plist;
				LD_RUNPATH_SEARCH_PATHS = (
					"$(inherited)",
					"@executable_path/Frameworks",
					"@loader_path/Frameworks",
				);
				PRODUCT_BUNDLE_IDENTIFIER = myOrg.TripListTests;
				PRODUCT_NAME = "$(TARGET_NAME)";
				SWIFT_VERSION = 5.0;
				TARGETED_DEVICE_FAMILY = "1,2";
				TEST_HOST = "$(BUILT_PRODUCTS_DIR)/TripList.app/TripList";
			};
			name = Release;
		};
/* End XCBuildConfiguration section */

/* Begin XCConfigurationList section */
		19F2DCAA229707EB00F34AA3 /* Build configuration list for PBXProject "TripList" */ = {
			isa = XCConfigurationList;
			buildConfigurations = (
				19F2DCCA229707EE00F34AA3 /* Debug */,
				19F2DCCB229707EE00F34AA3 /* Release */,
			);
			defaultConfigurationIsVisible = 0;
			defaultConfigurationName = Release;
		};
		19F2DCCC229707EE00F34AA3 /* Build configuration list for PBXNativeTarget "TripList" */ = {
			isa = XCConfigurationList;
			buildConfigurations = (
				19F2DCCD229707EE00F34AA3 /* Debug */,
				19F2DCCE229707EE00F34AA3 /* Release */,
			);
			defaultConfigurationIsVisible = 0;
			defaultConfigurationName = Release;
		};
		19F2DCCF229707EE00F34AA3 /* Build configuration list for PBXNativeTarget "TripListTests" */ = {
			isa = XCConfigurationList;
			buildConfigurations = (
				19F2DCD0229707EE00F34AA3 /* Debug */,
				19F2DCD1229707EE00F34AA3 /* Release */,
			);
			defaultConfigurationIsVisible = 0;
			defaultConfigurationName = Release;
		};
/* End XCConfigurationList section */
	};
	rootObject = 19F2DCA7229707EB00F34AA3 /* Project object */;
}
